{
  "name": "yarnia-instant",
  "lockfileVersion": 3,
  "requires": true,
  "packages": {
    "": {
      "name": "yarnia-instant",
      "dependencies": {
        "@instantdb/core": "latest"
      }
    },
    "node_modules/@instantdb/core": {
      "version": "1.0.43",
      "resolved": "https://registry.npmjs.org/@instantdb/core/-/core-1.0.43.tgz",
      "integrity": "sha512-nbAnq5tpRwfFWguZa9A2wNq4M3Q3KGxK2uRnv2jYrtTwTxStyF8wRKjYPXjo3K4A+sGukHRowq7gAYEBbgIqXQ==",
      "license": "Apache-2.0",
      "dependencies": {
        "@instantdb/version": "1.0.43",
        "mutative": "^1.0.10",
        "uuid": "^11.1.0"
      }
    },
    "node_modules/@instantdb/version": {
      "version": "1.0.43",
      "license": "Apache-2.0"
    },
    "node_modules/mutative": {
      "version": "1.3.0",
      "license": "MIT",
      "engines": {
        "node": ">=14.0"
      }
    },
    "node_modules/uuid": {
      "version": "11.1.1",
      "funding": [
        "https://github.com/sponsors/broofa",
        "https://github.com/sponsors/ctavan"
      ],
      "license": "MIT",
      "bin": {
        "uuid": "dist/esm/bin/uuid"
      }
    }
  }
}
